
Microsoft Visual Studio Solution File, Format Version 12.00
# Visual Studio 2013
VisualStudioVersion = 12.0.30723.0
MinimumVisualStudioVersion = 10.0.40219.1
Project("{FAE04EC0-301F-11D3-BF4B-00C04F79EFBC}") = "Hogaf.UI.Web", "Hogaf.UI.Web\Hogaf.UI.Web.csproj", "{F3302A02-753D-4F14-BF22-BE98F134754C}"
EndProject
Project("{FAE04EC0-301F-11D3-BF4B-00C04F79EFBC}") = "Hogaf.ExtNet.UX", "Hogaf.ExtNet.UX\Hogaf.ExtNet.UX.csproj", "{A9D6600F-57D0-41EA-9263-BD64E4DA1FF4}"
EndProject
Global
	GlobalSection(SolutionConfigurationPlatforms) = preSolution
		Debug|Any CPU = Debug|Any CPU
		Release|Any CPU = Release|Any CPU
	EndGlobalSection
	GlobalSection(ProjectConfigurationPlatforms) = postSolution
		{F3302A02-753D-4F14-BF22-BE98F134754C}.Debug|Any CPU.ActiveCfg = Debug|Any CPU
		{F3302A02-753D-4F14-BF22-BE98F134754C}.Debug|Any CPU.Build.0 = Debug|Any CPU
		{F3302A02-753D-4F14-BF22-BE98F134754C}.Release|Any CPU.ActiveCfg = Release|Any CPU
		{F3302A02-753D-4F14-BF22-BE98F134754C}.Release|Any CPU.Build.0 = Release|Any CPU
		{A9D6600F-57D0-41EA-9263-BD64E4DA1FF4}.Debug|Any CPU.ActiveCfg = Debug|Any CPU
		{A9D6600F-57D0-41EA-9263-BD64E4DA1FF4}.Debug|Any CPU.Build.0 = Debug|Any CPU
		{A9D6600F-57D0-41EA-9263-BD64E4DA1FF4}.Release|Any CPU.ActiveCfg = Release|Any CPU
		{A9D6600F-57D0-41EA-9263-BD64E4DA1FF4}.Release|Any CPU.Build.0 = Release|Any CPU
	EndGlobalSection
	GlobalSection(SolutionProperties) = preSolution
		HideSolutionNode = FALSE
	EndGlobalSection
EndGlobal
